<?xml version="1.0" encoding="utf-8"?>
<Project ToolsVersion="4.0" xmlns="http://schemas.microsoft.com/developer/msbuild/2003">
  <ItemGroup>
    <Filter Include="Исходные файлы">
      <UniqueIdentifier>{4FC737F1-C7A5-4376-A066-2A32D752A2FF}</UniqueIdentifier>
      <Extensions>cpp;c;cc;cxx;c++;cppm;ixx;def;odl;idl;hpj;bat;asm;asmx</Extensions>
    </Filter>
    <Filter Include="Файлы заголовков">
      <UniqueIdentifier>{93995380-89BD-4b04-88EB-625FBE52EBFB}</UniqueIdentifier>
      <Extensions>h;hh;hpp;hxx;h++;hm;inl;inc;ipp;xsd</Extensions>
    </Filter>
    <Filter Include="Файлы ресурсов">
      <UniqueIdentifier>{67DA6AB6-F800-4c08-8B7A-83BB121AAD01}</UniqueIdentifier>
      <Extensions>rc;ico;cur;bmp;dlg;rc2;rct;bin;rgs;gif;jpg;jpeg;jpe;resx;tiff;tif;png;wav;mfcribbon-ms</Extensions>
    </Filter>
  </ItemGroup>
  <ItemGroup>
    <ClCompile Include="air.cpp">
      <Filter>Исходные файлы</Filter>
    </ClCompile>
    <ClCompile Include="broomstick.cpp">
      <Filter>Исходные файлы</Filter>
    </ClCompile>
    <ClCompile Include="camel.cpp">
      <Filter>Исходные файлы</Filter>
    </ClCompile>
    <ClCompile Include="camelFast.cpp">
      <Filter>Исходные файлы</Filter>
    </ClCompile>
    <ClCompile Include="centaur.cpp">
      <Filter>Исходные файлы</Filter>
    </ClCompile>
    <ClCompile Include="eagle.cpp">
      <Filter>Исходные файлы</Filter>
    </ClCompile>
    <ClCompile Include="ground.cpp">
      <Filter>Исходные файлы</Filter>
    </ClCompile>
    <ClCompile Include="magicCarpet.cpp">
      <Filter>Исходные файлы</Filter>
    </ClCompile>
    <ClCompile Include="terrainBoots.cpp">
      <Filter>Исходные файлы</Filter>
    </ClCompile>
    <ClCompile Include="transport.cpp">
      <Filter>Исходные файлы</Filter>
    </ClCompile>
    <ClCompile Include="printRacer.cpp">
      <Filter>Исходные файлы</Filter>
    </ClCompile>
    <ClCompile Include="transportList.cpp">
      <Filter>Исходные файлы</Filter>
    </ClCompile>
    <ClCompile Include="registration.cpp">
      <Filter>Исходные файлы</Filter>
    </ClCompile>
    <ClCompile Include="inputRegistration.cpp">
      <Filter>Исходные файлы</Filter>
    </ClCompile>
    <ClCompile Include="printRegisration.cpp">
      <Filter>Исходные файлы</Filter>
    </ClCompile>
    <ClCompile Include="CounterRegistration.cpp">
      <Filter>Исходные файлы</Filter>
    </ClCompile>
  </ItemGroup>
  <ItemGroup>
    <ClInclude Include="air.h">
      <Filter>Файлы заголовков</Filter>
    </ClInclude>
    <ClInclude Include="broomstick.h">
      <Filter>Файлы заголовков</Filter>
    </ClInclude>
    <ClInclude Include="camel.h">
      <Filter>Файлы заголовков</Filter>
    </ClInclude>
    <ClInclude Include="camelFast.h">
      <Filter>Файлы заголовков</Filter>
    </ClInclude>
    <ClInclude Include="centaur.h">
      <Filter>Файлы заголовков</Filter>
    </ClInclude>
    <ClInclude Include="eagle.h">
      <Filter>Файлы заголовков</Filter>
    </ClInclude>
    <ClInclude Include="ground.h">
      <Filter>Файлы заголовков</Filter>
    </ClInclude>
    <ClInclude Include="magicCarpet.h">
      <Filter>Файлы заголовков</Filter>
    </ClInclude>
    <ClInclude Include="terrainBoots.h">
      <Filter>Файлы заголовков</Filter>
    </ClInclude>
    <ClInclude Include="transport.h">
      <Filter>Файлы заголовков</Filter>
    </ClInclude>
    <ClInclude Include="printRacer.h">
      <Filter>Файлы заголовков</Filter>
    </ClInclude>
    <ClInclude Include="transportList.h">
      <Filter>Файлы заголовков</Filter>
    </ClInclude>
    <ClInclude Include="registration.h">
      <Filter>Файлы заголовков</Filter>
    </ClInclude>
    <ClInclude Include="inputRegistration.h">
      <Filter>Файлы заголовков</Filter>
    </ClInclude>
    <ClInclude Include="printRegisration.h">
      <Filter>Файлы заголовков</Filter>
    </ClInclude>
    <ClInclude Include="CounterRegistration.h">
      <Filter>Файлы заголовков</Filter>
    </ClInclude>
  </ItemGroup>
  <ItemGroup>
    <None Include="cpp.hint" />
  </ItemGroup>
</Project>